
Microsoft Visual Studio Solution File, Format Version 12.00
# Visual Studio Version 16
VisualStudioVersion = 16.0.30907.101
MinimumVisualStudioVersion = 10.0.40219.1
Project("{9092AA53-FB77-4645-B42D-1CCCA6BD08BD}") = "ExpressAPI", "ExpressAPI\ExpressAPI.njsproj", "{FC6F1958-7654-4242-8F83-3BAE633F4157}"
EndProject
Global
	GlobalSection(SolutionConfigurationPlatforms) = preSolution
		Debug|Any CPU = Debug|Any CPU
		Release|Any CPU = Release|Any CPU
	EndGlobalSection
	GlobalSection(ProjectConfigurationPlatforms) = postSolution
		{FC6F1958-7654-4242-8F83-3BAE633F4157}.Debug|Any CPU.ActiveCfg = Debug|Any CPU
		{FC6F1958-7654-4242-8F83-3BAE633F4157}.Debug|Any CPU.Build.0 = Debug|Any CPU
		{FC6F1958-7654-4242-8F83-3BAE633F4157}.Release|Any CPU.ActiveCfg = Release|Any CPU
		{FC6F1958-7654-4242-8F83-3BAE633F4157}.Release|Any CPU.Build.0 = Release|Any CPU
	EndGlobalSection
	GlobalSection(SolutionProperties) = preSolution
		HideSolutionNode = FALSE
	EndGlobalSection
	GlobalSection(ExtensibilityGlobals) = postSolution
		SolutionGuid = {30FC3570-9C1D-4A11-9576-94C00050325D}
	EndGlobalSection
EndGlobal
